
Microsoft Visual Studio Solution File, Format Version 11.00
# Visual Studio 2010
Project("{FAE04EC0-301F-11D3-BF4B-00C04F79EFBC}") = "Assembly-CSharp", "Assembly-CSharp.csproj", "{631CE849-CCF5-3FAD-6FDB-410DB4F173CE}"
EndProject
Project("{FAE04EC0-301F-11D3-BF4B-00C04F79EFBC}") = "Assembly-CSharp-Editor", "Assembly-CSharp-Editor.csproj", "{9E8C489F-A6BD-871E-D4CF-9B86BEA82A11}"
EndProject
Global
	GlobalSection(SolutionConfigurationPlatforms) = preSolution
		Debug|Any CPU = Debug|Any CPU
		Release|Any CPU = Release|Any CPU
	EndGlobalSection
	GlobalSection(ProjectConfigurationPlatforms) = postSolution
		{631CE849-CCF5-3FAD-6FDB-410DB4F173CE}.Debug|Any CPU.ActiveCfg = Debug|Any CPU
		{631CE849-CCF5-3FAD-6FDB-410DB4F173CE}.Debug|Any CPU.Build.0 = Debug|Any CPU
		{631CE849-CCF5-3FAD-6FDB-410DB4F173CE}.Release|Any CPU.ActiveCfg = Release|Any CPU
		{631CE849-CCF5-3FAD-6FDB-410DB4F173CE}.Release|Any CPU.Build.0 = Release|Any CPU
		{9E8C489F-A6BD-871E-D4CF-9B86BEA82A11}.Debug|Any CPU.ActiveCfg = Debug|Any CPU
		{9E8C489F-A6BD-871E-D4CF-9B86BEA82A11}.Debug|Any CPU.Build.0 = Debug|Any CPU
		{9E8C489F-A6BD-871E-D4CF-9B86BEA82A11}.Release|Any CPU.ActiveCfg = Release|Any CPU
		{9E8C489F-A6BD-871E-D4CF-9B86BEA82A11}.Release|Any CPU.Build.0 = Release|Any CPU
	EndGlobalSection
	GlobalSection(SolutionProperties) = preSolution
		HideSolutionNode = FALSE
	EndGlobalSection
	GlobalSection(MonoDevelopProperties) = preSolution
		StartupItem = Assembly-CSharp.csproj
	EndGlobalSection
EndGlobal
